// !$*UTF8*$!
{
	archiveVersion = 1;
	classes = {
	};
	objectVersion = 50;
	objects = {

/* Begin PBXBuildFile section */
		572401BB3114AD1624C4E3F8 /* libPods-A_Category.a in Frameworks */ = {isa = PBXBuildFile; fileRef = D6870DA21A7E6304390F76C2 /* libPods-A_Category.a */; };
		B2FC660C2314D4F100A21247 /* AppDelegate.m in Sources */ = {isa = PBXBuildFile; fileRef = B2FC660B2314D4F100A21247 /* AppDelegate.m */; };
		B2FC660F2314D4F100A21247 /* ViewController.m in Sources */ = {isa = PBXBuildFile; fileRef = B2FC660E2314D4F100A21247 /* ViewController.m */; };
		B2FC66122314D4F100A21247 /* Main.storyboard in Resources */ = {isa = PBXBuildFile; fileRef = B2FC66102314D4F100A21247 /* Main.storyboard */; };
		B2FC66142314D4F100A21247 /* Assets.xcassets in Resources */ = {isa = PBXBuildFile; fileRef = B2FC66132314D4F100A21247 /* Assets.xcassets */; };
		B2FC66172314D4F100A21247 /* LaunchScreen.storyboard in Resources */ = {isa = PBXBuildFile; fileRef = B2FC66152314D4F100A21247 /* LaunchScreen.storyboard */; };
		B2FC661A2314D4F100A21247 /* main.m in Sources */ = {isa = PBXBuildFile; fileRef = B2FC66192314D4F100A21247 /* main.m */; };
		B2FC665023151C8C00A21247 /* CTMediator+A.m in Sources */ = {isa = PBXBuildFile; fileRef = B2FC664F23151C8C00A21247 /* CTMediator+A.m */; };
/* End PBXBuildFile section */

/* Begin PBXFileReference section */
		4BDE4BC90993D36D547038C5 /* Pods-A_Category.debug.xcconfig */ = {isa = PBXFileReference; includeInIndex = 1; lastKnownFileType = text.xcconfig; name = "Pods-A_Category.debug.xcconfig"; path = "Target Support Files/Pods-A_Category/Pods-A_Category.debug.xcconfig"; sourceTree = "<group>"; };
		9EBAD511DAEDFCFFF6FB3CD0 /* Pods-A_Category.release.xcconfig */ = {isa = PBXFileReference; includeInIndex = 1; lastKnownFileType = text.xcconfig; name = "Pods-A_Category.release.xcconfig"; path = "Target Support Files/Pods-A_Category/Pods-A_Category.release.xcconfig"; sourceTree = "<group>"; };
		B2FC66072314D4F100A21247 /* A_Category.app */ = {isa = PBXFileReference; explicitFileType = wrapper.application; includeInIndex = 0; path = A_Category.app; sourceTree = BUILT_PRODUCTS_DIR; };
		B2FC660A2314D4F100A21247 /* AppDelegate.h */ = {isa = PBXFileReference; lastKnownFileType = sourcecode.c.h; path = AppDelegate.h; sourceTree = "<group>"; };
		B2FC660B2314D4F100A21247 /* AppDelegate.m */ = {isa = PBXFileReference; lastKnownFileType = sourcecode.c.objc; path = AppDelegate.m; sourceTree = "<group>"; };
		B2FC660D2314D4F100A21247 /* ViewController.h */ = {isa = PBXFileReference; lastKnownFileType = sourcecode.c.h; path = ViewController.h; sourceTree = "<group>"; };
		B2FC660E2314D4F100A21247 /* ViewController.m */ = {isa = PBXFileReference; lastKnownFileType = sourcecode.c.objc; path = ViewController.m; sourceTree = "<group>"; };
		B2FC66112314D4F100A21247 /* Base */ = {isa = PBXFileReference; lastKnownFileType = file.storyboard; name = Base; path = Base.lproj/Main.storyboard; sourceTree = "<group>"; };
		B2FC66132314D4F100A21247 /* Assets.xcassets */ = {isa = PBXFileReference; lastKnownFileType = folder.assetcatalog; path = Assets.xcassets; sourceTree = "<group>"; };
		B2FC66162314D4F100A21247 /* Base */ = {isa = PBXFileReference; lastKnownFileType = file.storyboard; name = Base; path = Base.lproj/LaunchScreen.storyboard; sourceTree = "<group>"; };
		B2FC66182314D4F100A21247 /* Info.plist */ = {isa = PBXFileReference; lastKnownFileType = text.plist.xml; path = Info.plist; sourceTree = "<group>"; };
		B2FC66192314D4F100A21247 /* main.m */ = {isa = PBXFileReference; lastKnownFileType = sourcecode.c.objc; path = main.m; sourceTree = "<group>"; };
		B2FC664E23151C8C00A21247 /* CTMediator+A.h */ = {isa = PBXFileReference; lastKnownFileType = sourcecode.c.h; path = "CTMediator+A.h"; sourceTree = "<group>"; };
		B2FC664F23151C8C00A21247 /* CTMediator+A.m */ = {isa = PBXFileReference; lastKnownFileType = sourcecode.c.objc; path = "CTMediator+A.m"; sourceTree = "<group>"; };
		D6870DA21A7E6304390F76C2 /* libPods-A_Category.a */ = {isa = PBXFileReference; explicitFileType = archive.ar; includeInIndex = 0; path = "libPods-A_Category.a"; sourceTree = BUILT_PRODUCTS_DIR; };
/* End PBXFileReference section */

/* Begin PBXFrameworksBuildPhase section */
		B2FC66042314D4F100A21247 /* Frameworks */ = {
			isa = PBXFrameworksBuildPhase;
			buildActionMask = 2147483647;
			files = (
				572401BB3114AD1624C4E3F8 /* libPods-A_Category.a in Frameworks */,
			);
			runOnlyForDeploymentPostprocessing = 0;
		};
/* End PBXFrameworksBuildPhase section */

/* Begin PBXGroup section */
		943A69B14E9A33D75527A724 /* Frameworks */ = {
			isa = PBXGroup;
			children = (
				D6870DA21A7E6304390F76C2 /* libPods-A_Category.a */,
			);
			name = Frameworks;
			sourceTree = "<group>";
		};
		B2FC65FE2314D4F100A21247 = {
			isa = PBXGroup;
			children = (
				B2FC66092314D4F100A21247 /* A_Category */,
				B2FC66082314D4F100A21247 /* Products */,
				BD26CE96A90D691050A10730 /* Pods */,
				943A69B14E9A33D75527A724 /* Frameworks */,
			);
			sourceTree = "<group>";
		};
		B2FC66082314D4F100A21247 /* Products */ = {
			isa = PBXGroup;
			children = (
				B2FC66072314D4F100A21247 /* A_Category.app */,
			);
			name = Products;
			sourceTree = "<group>";
		};
		B2FC66092314D4F100A21247 /* A_Category */ = {
			isa = PBXGroup;
			children = (
				B2FC665123151C9500A21247 /* Classes */,
				B2FC660A2314D4F100A21247 /* AppDelegate.h */,
				B2FC660B2314D4F100A21247 /* AppDelegate.m */,
				B2FC660D2314D4F100A21247 /* ViewController.h */,
				B2FC660E2314D4F100A21247 /* ViewController.m */,
				B2FC66102314D4F100A21247 /* Main.storyboard */,
				B2FC66132314D4F100A21247 /* Assets.xcassets */,
				B2FC66152314D4F100A21247 /* LaunchScreen.storyboard */,
				B2FC66182314D4F100A21247 /* Info.plist */,
				B2FC66192314D4F100A21247 /* main.m */,
			);
			path = A_Category;
			sourceTree = "<group>";
		};
		B2FC665123151C9500A21247 /* Classes */ = {
			isa = PBXGroup;
			children = (
				B2FC664E23151C8C00A21247 /* CTMediator+A.h */,
				B2FC664F23151C8C00A21247 /* CTMediator+A.m */,
			);
			path = Classes;
			sourceTree = "<group>";
		};
		BD26CE96A90D691050A10730 /* Pods */ = {
			isa = PBXGroup;
			children = (
				4BDE4BC90993D36D547038C5 /* Pods-A_Category.debug.xcconfig */,
				9EBAD511DAEDFCFFF6FB3CD0 /* Pods-A_Category.release.xcconfig */,
			);
			name = Pods;
			path = Pods;
			sourceTree = "<group>";
		};
/* End PBXGroup section */

/* Begin PBXNativeTarget section */
		B2FC66062314D4F100A21247 /* A_Category */ = {
			isa = PBXNativeTarget;
			buildConfigurationList = B2FC661D2314D4F100A21247 /* Build configuration list for PBXNativeTarget "A_Category" */;
			buildPhases = (
				C52AE7A8E1DBFF1D65012A6C /* [CP] Check Pods Manifest.lock */,
				B2FC66032314D4F100A21247 /* Sources */,
				B2FC66042314D4F100A21247 /* Frameworks */,
				B2FC66052314D4F100A21247 /* Resources */,
			);
			buildRules = (
			);
			dependencies = (
			);
			name = A_Category;
			productName = A_Category;
			productReference = B2FC66072314D4F100A21247 /* A_Category.app */;
			productType = "com.apple.product-type.application";
		};
/* End PBXNativeTarget section */

/* Begin PBXProject section */
		B2FC65FF2314D4F100A21247 /* Project object */ = {
			isa = PBXProject;
			attributes = {
				LastUpgradeCheck = 1030;
				ORGANIZATIONNAME = yankang;
				TargetAttributes = {
					B2FC66062314D4F100A21247 = {
						CreatedOnToolsVersion = 10.3;
					};
				};
			};
			buildConfigurationList = B2FC66022314D4F100A21247 /* Build configuration list for PBXProject "A_Category" */;
			compatibilityVersion = "Xcode 9.3";
			developmentRegion = en;
			hasScannedForEncodings = 0;
			knownRegions = (
				en,
				Base,
			);
			mainGroup = B2FC65FE2314D4F100A21247;
			productRefGroup = B2FC66082314D4F100A21247 /* Products */;
			projectDirPath = "";
			projectRoot = "";
			targets = (
				B2FC66062314D4F100A21247 /* A_Category */,
			);
		};
/* End PBXProject section */

/* Begin PBXResourcesBuildPhase section */
		B2FC66052314D4F100A21247 /* Resources */ = {
			isa = PBXResourcesBuildPhase;
			buildActionMask = 2147483647;
			files = (
				B2FC66172314D4F100A21247 /* LaunchScreen.storyboard in Resources */,
				B2FC66142314D4F100A21247 /* Assets.xcassets in Resources */,
				B2FC66122314D4F100A21247 /* Main.storyboard in Resources */,
			);
			runOnlyForDeploymentPostprocessing = 0;
		};
/* End PBXResourcesBuildPhase section */

/* Begin PBXShellScriptBuildPhase section */
		C52AE7A8E1DBFF1D65012A6C /* [CP] Check Pods Manifest.lock */ = {
			isa = PBXShellScriptBuildPhase;
			buildActionMask = 2147483647;
			files = (
			);
			inputFileListPaths = (
			);
			inputPaths = (
				"${PODS_PODFILE_DIR_PATH}/Podfile.lock",
				"${PODS_ROOT}/Manifest.lock",
			);
			name = "[CP] Check Pods Manifest.lock";
			outputFileListPaths = (
			);
			outputPaths = (
				"$(DERIVED_FILE_DIR)/Pods-A_Category-checkManifestLockResult.txt",
			);
			runOnlyForDeploymentPostprocessing = 0;
			shellPath = /bin/sh;
			shellScript = "diff \"${PODS_PODFILE_DIR_PATH}/Podfile.lock\" \"${PODS_ROOT}/Manifest.lock\" > /dev/null\nif [ $? != 0 ] ; then\n    # print error to STDERR\n    echo \"error: The sandbox is not in sync with the Podfile.lock. Run 'pod install' or update your CocoaPods installation.\" >&2\n    exit 1\nfi\n# This output is used by Xcode 'outputs' to avoid re-running this script phase.\necho \"SUCCESS\" > \"${SCRIPT_OUTPUT_FILE_0}\"\n";
			showEnvVarsInLog = 0;
		};
/* End PBXShellScriptBuildPhase section */

/* Begin PBXSourcesBuildPhase section */
		B2FC66032314D4F100A21247 /* Sources */ = {
			isa = PBXSourcesBuildPhase;
			buildActionMask = 2147483647;
			files = (
				B2FC660F2314D4F100A21247 /* ViewController.m in Sources */,
				B2FC665023151C8C00A21247 /* CTMediator+A.m in Sources */,
				B2FC661A2314D4F100A21247 /* main.m in Sources */,
				B2FC660C2314D4F100A21247 /* AppDelegate.m in Sources */,
			);
			runOnlyForDeploymentPostprocessing = 0;
		};
/* End PBXSourcesBuildPhase section */

/* Begin PBXVariantGroup section */
		B2FC66102314D4F100A21247 /* Main.storyboard */ = {
			isa = PBXVariantGroup;
			children = (
				B2FC66112314D4F100A21247 /* Base */,
			);
			name = Main.storyboard;
			sourceTree = "<group>";
		};
		B2FC66152314D4F100A21247 /* LaunchScreen.storyboard */ = {
			isa = PBXVariantGroup;
			children = (
				B2FC66162314D4F100A21247 /* Base */,
			);
			name = LaunchScreen.storyboard;
			sourceTree = "<group>";
		};
/* End PBXVariantGroup section */

/* Begin XCBuildConfiguration section */
		B2FC661B2314D4F100A21247 /* Debug */ = {
			isa = XCBuildConfiguration;
			buildSettings = {
				ALWAYS_SEARCH_USER_PATHS = NO;
				CLANG_ANALYZER_NONNULL = YES;
				CLANG_ANALYZER_NUMBER_OBJECT_CONVERSION = YES_AGGRESSIVE;
				CLANG_CXX_LANGUAGE_STANDARD = "gnu++14";
				CLANG_CXX_LIBRARY = "libc++";
				CLANG_ENABLE_MODULES = YES;
				CLANG_ENABLE_OBJC_ARC = YES;
				CLANG_ENABLE_OBJC_WEAK = YES;
				CLANG_WARN_BLOCK_CAPTURE_AUTORELEASING = YES;
				CLANG_WARN_BOOL_CONVERSION = YES;
				CLANG_WARN_COMMA = YES;
				CLANG_WARN_CONSTANT_CONVERSION = YES;
				CLANG_WARN_DEPRECATED_OBJC_IMPLEMENTATIONS = YES;
				CLANG_WARN_DIRECT_OBJC_ISA_USAGE = YES_ERROR;
				CLANG_WARN_DOCUMENTATION_COMMENTS = YES;
				CLANG_WARN_EMPTY_BODY = YES;
				CLANG_WARN_ENUM_CONVERSION = YES;
				CLANG_WARN_INFINITE_RECURSION = YES;
				CLANG_WARN_INT_CONVERSION = YES;
				CLANG_WARN_NON_LITERAL_NULL_CONVERSION = YES;
				CLANG_WARN_OBJC_IMPLICIT_RETAIN_SELF = YES;
				CLANG_WARN_OBJC_LITERAL_CONVERSION = YES;
				CLANG_WARN_OBJC_ROOT_CLASS = YES_ERROR;
				CLANG_WARN_RANGE_LOOP_ANALYSIS = YES;
				CLANG_WARN_STRICT_PROTOTYPES = YES;
				CLANG_WARN_SUSPICIOUS_MOVE = YES;
				CLANG_WARN_UNGUARDED_AVAILABILITY = YES_AGGRESSIVE;
				CLANG_WARN_UNREACHABLE_CODE = YES;
				CLANG_WARN__DUPLICATE_METHOD_MATCH = YES;
				CODE_SIGN_IDENTITY = "iPhone Developer";
				COPY_PHASE_STRIP = NO;
				DEBUG_INFORMATION_FORMAT = dwarf;
				ENABLE_STRICT_OBJC_MSGSEND = YES;
				ENABLE_TESTABILITY = YES;
				GCC_C_LANGUAGE_STANDARD = gnu11;
				GCC_DYNAMIC_NO_PIC = NO;
				GCC_NO_COMMON_BLOCKS = YES;
				GCC_OPTIMIZATION_LEVEL = 0;
				GCC_PREPROCESSOR_DEFINITIONS = (
					"DEBUG=1",
					"$(inherited)",
				);
				GCC_WARN_64_TO_32_BIT_CONVERSION = YES;
				GCC_WARN_ABOUT_RETURN_TYPE = YES_ERROR;
				GCC_WARN_UNDECLARED_SELECTOR = YES;
				GCC_WARN_UNINITIALIZED_AUTOS = YES_AGGRESSIVE;
				GCC_WARN_UNUSED_FUNCTION = YES;
				GCC_WARN_UNUSED_VARIABLE = YES;
				IPHONEOS_DEPLOYMENT_TARGET = 12.4;
				MTL_ENABLE_DEBUG_INFO = INCLUDE_SOURCE;
				MTL_FAST_MATH = YES;
				ONLY_ACTIVE_ARCH = YES;
				SDKROOT = iphoneos;
			};
			name = Debug;
		};
		B2FC661C2314D4F100A21247 /* Release */ = {
			isa = XCBuildConfiguration;
			buildSettings = {
				ALWAYS_SEARCH_USER_PATHS = NO;
				CLANG_ANALYZER_NONNULL = YES;
				CLANG_ANALYZER_NUMBER_OBJECT_CONVERSION = YES_AGGRESSIVE;
				CLANG_CXX_LANGUAGE_STANDARD = "gnu++14";
				CLANG_CXX_LIBRARY = "libc++";
				CLANG_ENABLE_MODULES = YES;
				CLANG_ENABLE_OBJC_ARC = YES;
				CLANG_ENABLE_OBJC_WEAK = YES;
				CLANG_WARN_BLOCK_CAPTURE_AUTORELEASING = YES;
				CLANG_WARN_BOOL_CONVERSION = YES;
				CLANG_WARN_COMMA = YES;
				CLANG_WARN_CONSTANT_CONVERSION = YES;
				CLANG_WARN_DEPRECATED_OBJC_IMPLEMENTATIONS = YES;
				CLANG_WARN_DIRECT_OBJC_ISA_USAGE = YES_ERROR;
				CLANG_WARN_DOCUMENTATION_COMMENTS = YES;
				CLANG_WARN_EMPTY_BODY = YES;
				CLANG_WARN_ENUM_CONVERSION = YES;
				CLANG_WARN_INFINITE_RECURSION = YES;
				CLANG_WARN_INT_CONVERSION = YES;
				CLANG_WARN_NON_LITERAL_NULL_CONVERSION = YES;
				CLANG_WARN_OBJC_IMPLICIT_RETAIN_SELF = YES;
				CLANG_WARN_OBJC_LITERAL_CONVERSION = YES;
				CLANG_WARN_OBJC_ROOT_CLASS = YES_ERROR;
				CLANG_WARN_RANGE_LOOP_ANALYSIS = YES;
				CLANG_WARN_STRICT_PROTOTYPES = YES;
				CLANG_WARN_SUSPICIOUS_MOVE = YES;
				CLANG_WARN_UNGUARDED_AVAILABILITY = YES_AGGRESSIVE;
				CLANG_WARN_UNREACHABLE_CODE = YES;
				CLANG_WARN__DUPLICATE_METHOD_MATCH = YES;
				CODE_SIGN_IDENTITY = "iPhone Developer";
				COPY_PHASE_STRIP = NO;
				DEBUG_INFORMATION_FORMAT = "dwarf-with-dsym";
				ENABLE_NS_ASSERTIONS = NO;
				ENABLE_STRICT_OBJC_MSGSEND = YES;
				GCC_C_LANGUAGE_STANDARD = gnu11;
				GCC_NO_COMMON_BLOCKS = YES;
				GCC_WARN_64_TO_32_BIT_CONVERSION = YES;
				GCC_WARN_ABOUT_RETURN_TYPE = YES_ERROR;
				GCC_WARN_UNDECLARED_SELECTOR = YES;
				GCC_WARN_UNINITIALIZED_AUTOS = YES_AGGRESSIVE;
				GCC_WARN_UNUSED_FUNCTION = YES;
				GCC_WARN_UNUSED_VARIABLE = YES;
				IPHONEOS_DEPLOYMENT_TARGET = 12.4;
				MTL_ENABLE_DEBUG_INFO = NO;
				MTL_FAST_MATH = YES;
				SDKROOT = iphoneos;
				VALIDATE_PRODUCT = YES;
			};
			name = Release;
		};
		B2FC661E2314D4F100A21247 /* Debug */ = {
			isa = XCBuildConfiguration;
			baseConfigurationReference = 4BDE4BC90993D36D547038C5 /* Pods-A_Category.debug.xcconfig */;
			buildSettings = {
				ASSETCATALOG_COMPILER_APPICON_NAME = AppIcon;
				CODE_SIGN_STYLE = Automatic;
				DEVELOPMENT_TEAM = LRJBN79GXB;
				INFOPLIST_FILE = A_Category/Info.plist;
				LD_RUNPATH_SEARCH_PATHS = (
					"$(inherited)",
					"@executable_path/Frameworks",
				);
				PRODUCT_BUNDLE_IDENTIFIER = "www.Kboy.A-Category";
				PRODUCT_NAME = "$(TARGET_NAME)";
				TARGETED_DEVICE_FAMILY = "1,2";
			};
			name = Debug;
		};
		B2FC661F2314D4F100A21247 /* Release */ = {
			isa = XCBuildConfiguration;
			baseConfigurationReference = 9EBAD511DAEDFCFFF6FB3CD0 /* Pods-A_Category.release.xcconfig */;
			buildSettings = {
				ASSETCATALOG_COMPILER_APPICON_NAME = AppIcon;
				CODE_SIGN_STYLE = Automatic;
				DEVELOPMENT_TEAM = LRJBN79GXB;
				INFOPLIST_FILE = A_Category/Info.plist;
				LD_RUNPATH_SEARCH_PATHS = (
					"$(inherited)",
					"@executable_path/Frameworks",
				);
				PRODUCT_BUNDLE_IDENTIFIER = "www.Kboy.A-Category";
				PRODUCT_NAME = "$(TARGET_NAME)";
				TARGETED_DEVICE_FAMILY = "1,2";
			};
			name = Release;
		};
/* End XCBuildConfiguration section */

/* Begin XCConfigurationList section */
		B2FC66022314D4F100A21247 /* Build configuration list for PBXProject "A_Category" */ = {
			isa = XCConfigurationList;
			buildConfigurations = (
				B2FC661B2314D4F100A21247 /* Debug */,
				B2FC661C2314D4F100A21247 /* Release */,
			);
			defaultConfigurationIsVisible = 0;
			defaultConfigurationName = Release;
		};
		B2FC661D2314D4F100A21247 /* Build configuration list for PBXNativeTarget "A_Category" */ = {
			isa = XCConfigurationList;
			buildConfigurations = (
				B2FC661E2314D4F100A21247 /* Debug */,
				B2FC661F2314D4F100A21247 /* Release */,
			);
			defaultConfigurationIsVisible = 0;
			defaultConfigurationName = Release;
		};
/* End XCConfigurationList section */
	};
	rootObject = B2FC65FF2314D4F100A21247 /* Project object */;
}
